
Microsoft Visual Studio Solution File, Format Version 12.00
# Visual Studio 2012
Project("{FAE04EC0-301F-11D3-BF4B-00C04F79EFBC}") = "EFOracle", "EFOracle\EFOracle.csproj", "{3548304B-2322-4D61-AF82-63B6E619D19F}"
EndProject
Global
	GlobalSection(SolutionConfigurationPlatforms) = preSolution
		Debug|Any CPU = Debug|Any CPU
		Release|Any CPU = Release|Any CPU
	EndGlobalSection
	GlobalSection(ProjectConfigurationPlatforms) = postSolution
		{3548304B-2322-4D61-AF82-63B6E619D19F}.Debug|Any CPU.ActiveCfg = Debug|Any CPU
		{3548304B-2322-4D61-AF82-63B6E619D19F}.Debug|Any CPU.Build.0 = Debug|Any CPU
		{3548304B-2322-4D61-AF82-63B6E619D19F}.Release|Any CPU.ActiveCfg = Release|Any CPU
		{3548304B-2322-4D61-AF82-63B6E619D19F}.Release|Any CPU.Build.0 = Release|Any CPU
	EndGlobalSection
	GlobalSection(SolutionProperties) = preSolution
		HideSolutionNode = FALSE
	EndGlobalSection
EndGlobal
